PODS:
  - Alamofire (4.7.0)
  - CodableAlamofire (1.1.0):
    - Alamofire (~> 4.0)

DEPENDENCIES:
  - Alamofire
  - CodableAlamofire

SPEC CHECKSUMS:
  Alamofire: 907e0a98eb68cdb7f9d1f541a563d6ac5dc77b25
  CodableAlamofire: e2d2edcec7cf413f7862c30c8fa98eded27a83f9

PODFILE CHECKSUM: d7ef0d5bb31bf0bab6d7d673f39c88cec291241c

COCOAPODS: 1.4.0
